{
    "version": "0.5",
    "requires": [
        "zlib/1.3.1#b8bc2603263cf7eccbd6e17e66b0ed76%1733936244.862",
        "xz_utils/5.8.1#536e4c68ef30b7308b28a1c50e663c31%1762252965.869",
        "spdlog/1.16.0#942c2c39562ae25ba575d9c8e2bdf3b6%1760375663.769",
        "sol2/3.5.0#fd3c55a708ff1d23db3fe4e026f3af32%1742996322.952",
        "sdl/3.2.20#ba14d8c0c147a24a84740aa85be8df11%1756993267.202",
        "quirc/1.2#5398c0f120ebdeeeb3b2535a32774d25%1741858844.528",
        "pybind11/3.0.1#81ed7e3cc5c945080013ca4c5c3abbbb%1756292333.72",
        "protobuf/3.21.12#44ee56c0a6eea0c19aeeaca680370b88%1759134885.45",
        "openssl/3.6.0#89e8af1d4a21afcac0557079d23d8890%1759746682.365",
        "openjph/0.24.5#63e9362358b1cf362d14a278f0c31379%1761902173.306",
        "openjpeg/2.5.4#372fbc2b4348d45ab0c0a62a8475dc2f%1760446899.685",
        "opengl/system#7c02ea6ef926fd04844af53622a30541%1730805494.23",
        "openexr/3.4.3#7d4a35d69698268305f94fa5ff19bb3e%1762323136.959",
        "opencv/4.12.0#4725ed1b5620a70148949a7c6e8c53ba%1761555759.606",
        "nlohmann_json/3.12.0#2d634ab0ec8d9f56353e5ccef6d6612c%1744735883.94",
        "mexce/1.0.1#1182e77f14339003481e0ff54445f74c%1763385195.064",
        "luajit/2.1.0-beta3#e8ee964ad9fedb6ebd93b83ec3452a62%1724825523.162",
        "libwebp/1.6.0#eb5f8e35fc95980e32b5544a33a270b4%1754386366.205",
        "libtiff/4.7.1#0ab2d15639faa1c301ccfb271fc0b55f%1759735981.08",
        "libpng/1.6.50#c96b3b9fa67d44545d6583bb0c348904%1751616189.701",
        "libjpeg/9f#8edfe2699565c80c825d0256002504ff%1723665907.087",
        "libdeflate/1.25#49fcd3fe6c130c2ec5a01cabb0481ded%1761981110.678",
        "jerryscript/2.4.0#25ee97cbd3edd649f8d6a24f5bcaecbc%1743697765.906",
        "imgui/1.92.4#15f14cd919c900d273876d61233d168a%1760808239.55",
        "imath/3.2.1#47a001e9196b8d377c839c4725a99772%1756476362.494",
        "iconfontcppheaders/cci.20240620#420e835e7c4d62eb3e9f198b4f7b0da8%1719302582.524",
        "glm/1.0.1#94392c53a527f7d830119b84fe80c754%1713951421.775",
        "glad/0.1.36#b11dc9bf4fe532a8a4454508d76cdcce%1746796748.907",
        "fmt/12.0.0#dc7de7f3968e5d6b377f27b7d0f33916%1758262922.745",
        "eigen/3.4.0#e7256a460e38f651ab0aa5246f94cf6a%1759398149.964",
        "cxxopts/3.3.1#047ef7b8ae49e0d48a1450f4522dc041%1748330656.693",
        "cnats/3.11.0#11372486cd6ff25d1dadc6c9561c6c0c%1762335435.247",
        "angelscript/2.38.0#8c9b8d736d0176a6e69c64a4501eeeb1%1755270102.651",
        "ade/0.1.2d#82546b5d78a6a8393f705a8f4f826dff%1742833246.863"
    ],
    "build_requires": [
        "zlib/1.3.1#b8bc2603263cf7eccbd6e17e66b0ed76%1733936244.862",
        "strawberryperl/5.32.1.1#8d114504d172cfea8ea1662d09b6333e%1751971032.423",
        "protobuf/3.21.12#44ee56c0a6eea0c19aeeaca680370b88%1759134885.45",
        "nasm/2.16.01#31e26f2ee3c4346ecd347911bd126904%1745483323.489",
        "cmake/4.1.2#6f844b9ec4e0e29d4f1232f9c5039901%1761647877.842",
        "cmake/3.31.9#2032c6471fe4f5a3e17f65fed518d545%1758832282.188",
        "cmake/3.27.5#aa6b0dfc03844c3ce4bb57e2dfc33058%1694946207.837"
    ],
    "python_requires": [],
    "config_requires": []
}
